
Microsoft Visual Studio Solution File, Format Version 12.00
# Visual Studio Version 16
VisualStudioVersion = 16.0.28917.181
MinimumVisualStudioVersion = 10.0.40219.1
Project("{FAE04EC0-301F-11D3-BF4B-00C04F79EFBC}") = "templateForm", "templateForm\templateForm.csproj", "{1AE9A470-7A82-4B38-B6B3-416DF2457784}"
EndProject
Global
	GlobalSection(SolutionConfigurationPlatforms) = preSolution
		Debug|Any CPU = Debug|Any CPU
		Release|Any CPU = Release|Any CPU
	EndGlobalSection
	GlobalSection(ProjectConfigurationPlatforms) = postSolution
		{1AE9A470-7A82-4B38-B6B3-416DF2457784}.Debug|Any CPU.ActiveCfg = Debug|Any CPU
		{1AE9A470-7A82-4B38-B6B3-416DF2457784}.Debug|Any CPU.Build.0 = Debug|Any CPU
		{1AE9A470-7A82-4B38-B6B3-416DF2457784}.Release|Any CPU.ActiveCfg = Release|Any CPU
		{1AE9A470-7A82-4B38-B6B3-416DF2457784}.Release|Any CPU.Build.0 = Release|Any CPU
	EndGlobalSection
	GlobalSection(SolutionProperties) = preSolution
		HideSolutionNode = FALSE
	EndGlobalSection
	GlobalSection(ExtensibilityGlobals) = postSolution
		SolutionGuid = {A32AAA99-9148-43FA-9BA7-4D5D65A647C8}
	EndGlobalSection
EndGlobal
